# THIS IS AN AUTOGENERATED FILE. DO NOT EDIT THIS FILE DIRECTLY.
# yarn lockfile v1


emoji-picker-react@^3.5.1:
  version "3.5.1"
  resolved "https://registry.npmjs.org/emoji-picker-react/-/emoji-picker-react-3.5.1.tgz"
  integrity sha512-cuSthFAvUO8Q1N7KJPEgZ7N0JNIWPKgN5GUmKe71UlSD4qFYI/p05RT9nohlWOq6YSFhEy2mI/60zBZiaku4mg==
